
Microsoft Visual Studio Solution File, Format Version 12.00
# Visual Studio 15
Project("{FAE04EC0-301F-11D3-BF4B-00C04F79EFBC}") = "UnityEngine.TestRunner", "UnityEngine.TestRunner.csproj", "{891E8B28-767B-0F02-491D-9952C41790A8}"
EndProject
Project("{FAE04EC0-301F-11D3-BF4B-00C04F79EFBC}") = "Unity.VisualScripting.Flow", "Unity.VisualScripting.Flow.csproj", "{760E15A3-FAEA-F1DB-7E72-8774CAD4DB60}"
EndProject
Project("{FAE04EC0-301F-11D3-BF4B-00C04F79EFBC}") = "Unity.Services.Core.Telemetry", "Unity.Services.Core.Telemetry.csproj", "{57E6B58E-7811-3861-102F-DA7A93ABB675}"
EndProject
Project("{FAE04EC0-301F-11D3-BF4B-00C04F79EFBC}") = "Unity.VisualScripting.State", "Unity.VisualScripting.State.csproj", "{A7168FEA-B3B2-F4D9-FC75-2B10282C8C3F}"
EndProject
Project("{FAE04EC0-301F-11D3-BF4B-00C04F79EFBC}") = "Unity.VisualScripting.Core", "Unity.VisualScripting.Core.csproj", "{7108B5AD-C6A2-1A9A-04F0-15567F6A039E}"
EndProject
Project("{FAE04EC0-301F-11D3-BF4B-00C04F79EFBC}") = "Assembly-CSharp", "Assembly-CSharp.csproj", "{C41F6FCE-33AC-C0FF-7202-816541BEBBB2}"
EndProject
Project("{FAE04EC0-301F-11D3-BF4B-00C04F79EFBC}") = "Unity.Services.Core.Environments.Internal", "Unity.Services.Core.Environments.Internal.csproj", "{1895D635-FD2C-22F5-32B5-A36DA12A96D1}"
EndProject
Project("{FAE04EC0-301F-11D3-BF4B-00C04F79EFBC}") = "Unity.TextMeshPro", "Unity.TextMeshPro.csproj", "{CDB510FE-3DE6-8C2F-54F8-BB3160A093AF}"
EndProject
Project("{FAE04EC0-301F-11D3-BF4B-00C04F79EFBC}") = "Unity.Timeline", "Unity.Timeline.csproj", "{82648C90-4532-8378-4F6F-DBEFE31E071A}"
EndProject
Project("{FAE04EC0-301F-11D3-BF4B-00C04F79EFBC}") = "Unity.Services.Core", "Unity.Services.Core.csproj", "{A24C23C2-F46C-7025-24F6-72D9D27E0BA5}"
EndProject
Project("{FAE04EC0-301F-11D3-BF4B-00C04F79EFBC}") = "Unity.Services.Core.Environments", "Unity.Services.Core.Environments.csproj", "{AEC0B94E-E3FD-A4FF-82E4-C6DF73B6A4A3}"
EndProject
Project("{FAE04EC0-301F-11D3-BF4B-00C04F79EFBC}") = "Unity.Services.Core.Internal", "Unity.Services.Core.Internal.csproj", "{951FB0DB-D6B3-6FB5-A361-9C82E7CB8EB6}"
EndProject
Project("{FAE04EC0-301F-11D3-BF4B-00C04F79EFBC}") = "Unity.Services.Core.Analytics", "Unity.Services.Core.Analytics.csproj", "{832B9446-B3DD-AD53-868B-0F6005D233D3}"
EndProject
Project("{FAE04EC0-301F-11D3-BF4B-00C04F79EFBC}") = "AmplifyShaderEditor.Samples.BuiltIn", "AmplifyShaderEditor.Samples.BuiltIn.csproj", "{6499BD11-F0F5-C726-9F5E-69C64BC8EFEF}"
EndProject
Project("{FAE04EC0-301F-11D3-BF4B-00C04F79EFBC}") = "Unity.Services.Core.Scheduler", "Unity.Services.Core.Scheduler.csproj", "{2D6F447E-4B14-E1D3-0C89-26976925E98D}"
EndProject
Project("{FAE04EC0-301F-11D3-BF4B-00C04F79EFBC}") = "Unity.Services.Core.Registration", "Unity.Services.Core.Registration.csproj", "{98D8FAAA-439A-3779-EEF6-3DBEF00782ED}"
EndProject
Project("{FAE04EC0-301F-11D3-BF4B-00C04F79EFBC}") = "Unity.Services.Core.Device", "Unity.Services.Core.Device.csproj", "{516A40BA-C538-1049-1333-2AFAE30F861B}"
EndProject
Project("{FAE04EC0-301F-11D3-BF4B-00C04F79EFBC}") = "Unity.Services.Core.Threading", "Unity.Services.Core.Threading.csproj", "{CBCF1385-316F-BB43-9CE2-5A4FECCD0EE7}"
EndProject
Project("{FAE04EC0-301F-11D3-BF4B-00C04F79EFBC}") = "Unity.Services.Core.Networking", "Unity.Services.Core.Networking.csproj", "{AEA0696D-146A-C246-AEF4-23EF6AD98C2C}"
EndProject
Project("{FAE04EC0-301F-11D3-BF4B-00C04F79EFBC}") = "Unity.Services.Core.Configuration", "Unity.Services.Core.Configuration.csproj", "{6BF7DD13-18DF-A557-B99F-03E42F3D7E46}"
EndProject
Project("{FAE04EC0-301F-11D3-BF4B-00C04F79EFBC}") = "Unity.PlasticSCM.Editor", "Unity.PlasticSCM.Editor.csproj", "{D6563E3C-CD45-3C46-DFAE-7FF89E6C1251}"
EndProject
Project("{FAE04EC0-301F-11D3-BF4B-00C04F79EFBC}") = "Unity.VisualScripting.Core.Editor", "Unity.VisualScripting.Core.Editor.csproj", "{1AF9C30A-D03B-1517-1340-7307A4E46959}"
EndProject
Project("{FAE04EC0-301F-11D3-BF4B-00C04F79EFBC}") = "AmplifyShaderEditor", "AmplifyShaderEditor.csproj", "{43C4121D-BB71-E544-B09F-FB8B7AC3D0E2}"
EndProject
Project("{FAE04EC0-301F-11D3-BF4B-00C04F79EFBC}") = "Unity.VisualScripting.Flow.Editor", "Unity.VisualScripting.Flow.Editor.csproj", "{274AA5CC-C858-FD43-ABA3-34271A5BDD91}"
EndProject
Project("{FAE04EC0-301F-11D3-BF4B-00C04F79EFBC}") = "Unity.VisualStudio.Editor", "Unity.VisualStudio.Editor.csproj", "{D609D0D8-DE00-79FB-D5EB-5C74DC12BF51}"
EndProject
Project("{FAE04EC0-301F-11D3-BF4B-00C04F79EFBC}") = "Unity.Timeline.Editor", "Unity.Timeline.Editor.csproj", "{BA7248AF-7498-87F4-FF2B-DE1BFE5011EB}"
EndProject
Project("{FAE04EC0-301F-11D3-BF4B-00C04F79EFBC}") = "Unity.VisualScripting.State.Editor", "Unity.VisualScripting.State.Editor.csproj", "{5A13DF1A-ED21-718D-FB56-517E6D4B5416}"
EndProject
Project("{FAE04EC0-301F-11D3-BF4B-00C04F79EFBC}") = "Unity.TextMeshPro.Editor", "Unity.TextMeshPro.Editor.csproj", "{B0758797-903B-D4C8-7985-ED7BC18F872B}"
EndProject
Project("{FAE04EC0-301F-11D3-BF4B-00C04F79EFBC}") = "Unity.VisualScripting.SettingsProvider.Editor", "Unity.VisualScripting.SettingsProvider.Editor.csproj", "{E83E401A-2003-D385-D1E4-52617D7B539D}"
EndProject
Project("{FAE04EC0-301F-11D3-BF4B-00C04F79EFBC}") = "Unity.CollabProxy.Editor", "Unity.CollabProxy.Editor.csproj", "{C48A247D-6468-73DB-CADB-13E5AA0C34BF}"
EndProject
Project("{FAE04EC0-301F-11D3-BF4B-00C04F79EFBC}") = "UnityEditor.TestRunner", "UnityEditor.TestRunner.csproj", "{2D2A1925-FE0E-2B76-72D8-AA629C2AA4D6}"
EndProject
Project("{FAE04EC0-301F-11D3-BF4B-00C04F79EFBC}") = "Unity.Services.Core.Editor", "Unity.Services.Core.Editor.csproj", "{CE671EB8-AC26-47B1-8584-EC2AEE642033}"
EndProject
Project("{FAE04EC0-301F-11D3-BF4B-00C04F79EFBC}") = "Unity.Rider.Editor", "Unity.Rider.Editor.csproj", "{285CE8D9-13BC-95D4-68E6-12EB8CDDC044}"
EndProject
Project("{FAE04EC0-301F-11D3-BF4B-00C04F79EFBC}") = "Unity.Searcher.Editor", "Unity.Searcher.Editor.csproj", "{29583F80-C539-DDCF-FA1C-882BED9DB91C}"
EndProject
Project("{FAE04EC0-301F-11D3-BF4B-00C04F79EFBC}") = "Unity.VSCode.Editor", "Unity.VSCode.Editor.csproj", "{55034ABD-DDA7-E251-AA0A-65CB28AC6D5A}"
EndProject
Project("{FAE04EC0-301F-11D3-BF4B-00C04F79EFBC}") = "Unity.Services.Core.Configuration.Editor", "Unity.Services.Core.Configuration.Editor.csproj", "{20C983CB-71A6-AFF0-D907-BBB418B0DCEF}"
EndProject
Project("{FAE04EC0-301F-11D3-BF4B-00C04F79EFBC}") = "Unity.VisualScripting.Shared.Editor", "Unity.VisualScripting.Shared.Editor.csproj", "{FC9AE121-A634-307D-E9D0-078CE50DA815}"
EndProject
Global
	GlobalSection(SolutionConfigurationPlatforms) = preSolution
		Debug|Any CPU = Debug|Any CPU
		Release|Any CPU = Release|Any CPU
	EndGlobalSection
	GlobalSection(ProjectConfigurationPlatforms) = postSolution
		{891E8B28-767B-0F02-491D-9952C41790A8}.Debug|Any CPU.ActiveCfg = Debug|Any CPU
		{891E8B28-767B-0F02-491D-9952C41790A8}.Debug|Any CPU.Build.0 = Debug|Any CPU
		{891E8B28-767B-0F02-491D-9952C41790A8}.Release|Any CPU.ActiveCfg = Release|Any CPU
		{891E8B28-767B-0F02-491D-9952C41790A8}.Release|Any CPU.Build.0 = Release|Any CPU
		{760E15A3-FAEA-F1DB-7E72-8774CAD4DB60}.Debug|Any CPU.ActiveCfg = Debug|Any CPU
		{760E15A3-FAEA-F1DB-7E72-8774CAD4DB60}.Debug|Any CPU.Build.0 = Debug|Any CPU
		{760E15A3-FAEA-F1DB-7E72-8774CAD4DB60}.Release|Any CPU.ActiveCfg = Release|Any CPU
		{760E15A3-FAEA-F1DB-7E72-8774CAD4DB60}.Release|Any CPU.Build.0 = Release|Any CPU
		{57E6B58E-7811-3861-102F-DA7A93ABB675}.Debug|Any CPU.ActiveCfg = Debug|Any CPU
		{57E6B58E-7811-3861-102F-DA7A93ABB675}.Debug|Any CPU.Build.0 = Debug|Any CPU
		{57E6B58E-7811-3861-102F-DA7A93ABB675}.Release|Any CPU.ActiveCfg = Release|Any CPU
		{57E6B58E-7811-3861-102F-DA7A93ABB675}.Release|Any CPU.Build.0 = Release|Any CPU
		{A7168FEA-B3B2-F4D9-FC75-2B10282C8C3F}.Debug|Any CPU.ActiveCfg = Debug|Any CPU
		{A7168FEA-B3B2-F4D9-FC75-2B10282C8C3F}.Debug|Any CPU.Build.0 = Debug|Any CPU
		{A7168FEA-B3B2-F4D9-FC75-2B10282C8C3F}.Release|Any CPU.ActiveCfg = Release|Any CPU
		{A7168FEA-B3B2-F4D9-FC75-2B10282C8C3F}.Release|Any CPU.Build.0 = Release|Any CPU
		{7108B5AD-C6A2-1A9A-04F0-15567F6A039E}.Debug|Any CPU.ActiveCfg = Debug|Any CPU
		{7108B5AD-C6A2-1A9A-04F0-15567F6A039E}.Debug|Any CPU.Build.0 = Debug|Any CPU
		{7108B5AD-C6A2-1A9A-04F0-15567F6A039E}.Release|Any CPU.ActiveCfg = Release|Any CPU
		{7108B5AD-C6A2-1A9A-04F0-15567F6A039E}.Release|Any CPU.Build.0 = Release|Any CPU
		{C41F6FCE-33AC-C0FF-7202-816541BEBBB2}.Debug|Any CPU.ActiveCfg = Debug|Any CPU
		{C41F6FCE-33AC-C0FF-7202-816541BEBBB2}.Debug|Any CPU.Build.0 = Debug|Any CPU
		{C41F6FCE-33AC-C0FF-7202-816541BEBBB2}.Release|Any CPU.ActiveCfg = Release|Any CPU
		{C41F6FCE-33AC-C0FF-7202-816541BEBBB2}.Release|Any CPU.Build.0 = Release|Any CPU
		{1895D635-FD2C-22F5-32B5-A36DA12A96D1}.Debug|Any CPU.ActiveCfg = Debug|Any CPU
		{1895D635-FD2C-22F5-32B5-A36DA12A96D1}.Debug|Any CPU.Build.0 = Debug|Any CPU
		{1895D635-FD2C-22F5-32B5-A36DA12A96D1}.Release|Any CPU.ActiveCfg = Release|Any CPU
		{1895D635-FD2C-22F5-32B5-A36DA12A96D1}.Release|Any CPU.Build.0 = Release|Any CPU
		{CDB510FE-3DE6-8C2F-54F8-BB3160A093AF}.Debug|Any CPU.ActiveCfg = Debug|Any CPU
		{CDB510FE-3DE6-8C2F-54F8-BB3160A093AF}.Debug|Any CPU.Build.0 = Debug|Any CPU
		{CDB510FE-3DE6-8C2F-54F8-BB3160A093AF}.Release|Any CPU.ActiveCfg = Release|Any CPU
		{CDB510FE-3DE6-8C2F-54F8-BB3160A093AF}.Release|Any CPU.Build.0 = Release|Any CPU
		{82648C90-4532-8378-4F6F-DBEFE31E071A}.Debug|Any CPU.ActiveCfg = Debug|Any CPU
		{82648C90-4532-8378-4F6F-DBEFE31E071A}.Debug|Any CPU.Build.0 = Debug|Any CPU
		{82648C90-4532-8378-4F6F-DBEFE31E071A}.Release|Any CPU.ActiveCfg = Release|Any CPU
		{82648C90-4532-8378-4F6F-DBEFE31E071A}.Release|Any CPU.Build.0 = Release|Any CPU
		{A24C23C2-F46C-7025-24F6-72D9D27E0BA5}.Debug|Any CPU.ActiveCfg = Debug|Any CPU
		{A24C23C2-F46C-7025-24F6-72D9D27E0BA5}.Debug|Any CPU.Build.0 = Debug|Any CPU
		{A24C23C2-F46C-7025-24F6-72D9D27E0BA5}.Release|Any CPU.ActiveCfg = Release|Any CPU
		{A24C23C2-F46C-7025-24F6-72D9D27E0BA5}.Release|Any CPU.Build.0 = Release|Any CPU
		{AEC0B94E-E3FD-A4FF-82E4-C6DF73B6A4A3}.Debug|Any CPU.ActiveCfg = Debug|Any CPU
		{AEC0B94E-E3FD-A4FF-82E4-C6DF73B6A4A3}.Debug|Any CPU.Build.0 = Debug|Any CPU
		{AEC0B94E-E3FD-A4FF-82E4-C6DF73B6A4A3}.Release|Any CPU.ActiveCfg = Release|Any CPU
		{AEC0B94E-E3FD-A4FF-82E4-C6DF73B6A4A3}.Release|Any CPU.Build.0 = Release|Any CPU
		{951FB0DB-D6B3-6FB5-A361-9C82E7CB8EB6}.Debug|Any CPU.ActiveCfg = Debug|Any CPU
		{951FB0DB-D6B3-6FB5-A361-9C82E7CB8EB6}.Debug|Any CPU.Build.0 = Debug|Any CPU
		{951FB0DB-D6B3-6FB5-A361-9C82E7CB8EB6}.Release|Any CPU.ActiveCfg = Release|Any CPU
		{951FB0DB-D6B3-6FB5-A361-9C82E7CB8EB6}.Release|Any CPU.Build.0 = Release|Any CPU
		{832B9446-B3DD-AD53-868B-0F6005D233D3}.Debug|Any CPU.ActiveCfg = Debug|Any CPU
		{832B9446-B3DD-AD53-868B-0F6005D233D3}.Debug|Any CPU.Build.0 = Debug|Any CPU
		{832B9446-B3DD-AD53-868B-0F6005D233D3}.Release|Any CPU.ActiveCfg = Release|Any CPU
		{832B9446-B3DD-AD53-868B-0F6005D233D3}.Release|Any CPU.Build.0 = Release|Any CPU
		{6499BD11-F0F5-C726-9F5E-69C64BC8EFEF}.Debug|Any CPU.ActiveCfg = Debug|Any CPU
		{6499BD11-F0F5-C726-9F5E-69C64BC8EFEF}.Debug|Any CPU.Build.0 = Debug|Any CPU
		{6499BD11-F0F5-C726-9F5E-69C64BC8EFEF}.Release|Any CPU.ActiveCfg = Release|Any CPU
		{6499BD11-F0F5-C726-9F5E-69C64BC8EFEF}.Release|Any CPU.Build.0 = Release|Any CPU
		{2D6F447E-4B14-E1D3-0C89-26976925E98D}.Debug|Any CPU.ActiveCfg = Debug|Any CPU
		{2D6F447E-4B14-E1D3-0C89-26976925E98D}.Debug|Any CPU.Build.0 = Debug|Any CPU
		{2D6F447E-4B14-E1D3-0C89-26976925E98D}.Release|Any CPU.ActiveCfg = Release|Any CPU
		{2D6F447E-4B14-E1D3-0C89-26976925E98D}.Release|Any CPU.Build.0 = Release|Any CPU
		{98D8FAAA-439A-3779-EEF6-3DBEF00782ED}.Debug|Any CPU.ActiveCfg = Debug|Any CPU
		{98D8FAAA-439A-3779-EEF6-3DBEF00782ED}.Debug|Any CPU.Build.0 = Debug|Any CPU
		{98D8FAAA-439A-3779-EEF6-3DBEF00782ED}.Release|Any CPU.ActiveCfg = Release|Any CPU
		{98D8FAAA-439A-3779-EEF6-3DBEF00782ED}.Release|Any CPU.Build.0 = Release|Any CPU
		{516A40BA-C538-1049-1333-2AFAE30F861B}.Debug|Any CPU.ActiveCfg = Debug|Any CPU
		{516A40BA-C538-1049-1333-2AFAE30F861B}.Debug|Any CPU.Build.0 = Debug|Any CPU
		{516A40BA-C538-1049-1333-2AFAE30F861B}.Release|Any CPU.ActiveCfg = Release|Any CPU
		{516A40BA-C538-1049-1333-2AFAE30F861B}.Release|Any CPU.Build.0 = Release|Any CPU
		{CBCF1385-316F-BB43-9CE2-5A4FECCD0EE7}.Debug|Any CPU.ActiveCfg = Debug|Any CPU
		{CBCF1385-316F-BB43-9CE2-5A4FECCD0EE7}.Debug|Any CPU.Build.0 = Debug|Any CPU
		{CBCF1385-316F-BB43-9CE2-5A4FECCD0EE7}.Release|Any CPU.ActiveCfg = Release|Any CPU
		{CBCF1385-316F-BB43-9CE2-5A4FECCD0EE7}.Release|Any CPU.Build.0 = Release|Any CPU
		{AEA0696D-146A-C246-AEF4-23EF6AD98C2C}.Debug|Any CPU.ActiveCfg = Debug|Any CPU
		{AEA0696D-146A-C246-AEF4-23EF6AD98C2C}.Debug|Any CPU.Build.0 = Debug|Any CPU
		{AEA0696D-146A-C246-AEF4-23EF6AD98C2C}.Release|Any CPU.ActiveCfg = Release|Any CPU
		{AEA0696D-146A-C246-AEF4-23EF6AD98C2C}.Release|Any CPU.Build.0 = Release|Any CPU
		{6BF7DD13-18DF-A557-B99F-03E42F3D7E46}.Debug|Any CPU.ActiveCfg = Debug|Any CPU
		{6BF7DD13-18DF-A557-B99F-03E42F3D7E46}.Debug|Any CPU.Build.0 = Debug|Any CPU
		{6BF7DD13-18DF-A557-B99F-03E42F3D7E46}.Release|Any CPU.ActiveCfg = Release|Any CPU
		{6BF7DD13-18DF-A557-B99F-03E42F3D7E46}.Release|Any CPU.Build.0 = Release|Any CPU
		{D6563E3C-CD45-3C46-DFAE-7FF89E6C1251}.Debug|Any CPU.ActiveCfg = Debug|Any CPU
		{D6563E3C-CD45-3C46-DFAE-7FF89E6C1251}.Debug|Any CPU.Build.0 = Debug|Any CPU
		{D6563E3C-CD45-3C46-DFAE-7FF89E6C1251}.Release|Any CPU.ActiveCfg = Release|Any CPU
		{D6563E3C-CD45-3C46-DFAE-7FF89E6C1251}.Release|Any CPU.Build.0 = Release|Any CPU
		{1AF9C30A-D03B-1517-1340-7307A4E46959}.Debug|Any CPU.ActiveCfg = Debug|Any CPU
		{1AF9C30A-D03B-1517-1340-7307A4E46959}.Debug|Any CPU.Build.0 = Debug|Any CPU
		{1AF9C30A-D03B-1517-1340-7307A4E46959}.Release|Any CPU.ActiveCfg = Release|Any CPU
		{1AF9C30A-D03B-1517-1340-7307A4E46959}.Release|Any CPU.Build.0 = Release|Any CPU
		{43C4121D-BB71-E544-B09F-FB8B7AC3D0E2}.Debug|Any CPU.ActiveCfg = Debug|Any CPU
		{43C4121D-BB71-E544-B09F-FB8B7AC3D0E2}.Debug|Any CPU.Build.0 = Debug|Any CPU
		{43C4121D-BB71-E544-B09F-FB8B7AC3D0E2}.Release|Any CPU.ActiveCfg = Release|Any CPU
		{43C4121D-BB71-E544-B09F-FB8B7AC3D0E2}.Release|Any CPU.Build.0 = Release|Any CPU
		{274AA5CC-C858-FD43-ABA3-34271A5BDD91}.Debug|Any CPU.ActiveCfg = Debug|Any CPU
		{274AA5CC-C858-FD43-ABA3-34271A5BDD91}.Debug|Any CPU.Build.0 = Debug|Any CPU
		{274AA5CC-C858-FD43-ABA3-34271A5BDD91}.Release|Any CPU.ActiveCfg = Release|Any CPU
		{274AA5CC-C858-FD43-ABA3-34271A5BDD91}.Release|Any CPU.Build.0 = Release|Any CPU
		{D609D0D8-DE00-79FB-D5EB-5C74DC12BF51}.Debug|Any CPU.ActiveCfg = Debug|Any CPU
		{D609D0D8-DE00-79FB-D5EB-5C74DC12BF51}.Debug|Any CPU.Build.0 = Debug|Any CPU
		{D609D0D8-DE00-79FB-D5EB-5C74DC12BF51}.Release|Any CPU.ActiveCfg = Release|Any CPU
		{D609D0D8-DE00-79FB-D5EB-5C74DC12BF51}.Release|Any CPU.Build.0 = Release|Any CPU
		{BA7248AF-7498-87F4-FF2B-DE1BFE5011EB}.Debug|Any CPU.ActiveCfg = Debug|Any CPU
		{BA7248AF-7498-87F4-FF2B-DE1BFE5011EB}.Debug|Any CPU.Build.0 = Debug|Any CPU
		{BA7248AF-7498-87F4-FF2B-DE1BFE5011EB}.Release|Any CPU.ActiveCfg = Release|Any CPU
		{BA7248AF-7498-87F4-FF2B-DE1BFE5011EB}.Release|Any CPU.Build.0 = Release|Any CPU
		{5A13DF1A-ED21-718D-FB56-517E6D4B5416}.Debug|Any CPU.ActiveCfg = Debug|Any CPU
		{5A13DF1A-ED21-718D-FB56-517E6D4B5416}.Debug|Any CPU.Build.0 = Debug|Any CPU
		{5A13DF1A-ED21-718D-FB56-517E6D4B5416}.Release|Any CPU.ActiveCfg = Release|Any CPU
		{5A13DF1A-ED21-718D-FB56-517E6D4B5416}.Release|Any CPU.Build.0 = Release|Any CPU
		{B0758797-903B-D4C8-7985-ED7BC18F872B}.Debug|Any CPU.ActiveCfg = Debug|Any CPU
		{B0758797-903B-D4C8-7985-ED7BC18F872B}.Debug|Any CPU.Build.0 = Debug|Any CPU
		{B0758797-903B-D4C8-7985-ED7BC18F872B}.Release|Any CPU.ActiveCfg = Release|Any CPU
		{B0758797-903B-D4C8-7985-ED7BC18F872B}.Release|Any CPU.Build.0 = Release|Any CPU
		{E83E401A-2003-D385-D1E4-52617D7B539D}.Debug|Any CPU.ActiveCfg = Debug|Any CPU
		{E83E401A-2003-D385-D1E4-52617D7B539D}.Debug|Any CPU.Build.0 = Debug|Any CPU
		{E83E401A-2003-D385-D1E4-52617D7B539D}.Release|Any CPU.ActiveCfg = Release|Any CPU
		{E83E401A-2003-D385-D1E4-52617D7B539D}.Release|Any CPU.Build.0 = Release|Any CPU
		{C48A247D-6468-73DB-CADB-13E5AA0C34BF}.Debug|Any CPU.ActiveCfg = Debug|Any CPU
		{C48A247D-6468-73DB-CADB-13E5AA0C34BF}.Debug|Any CPU.Build.0 = Debug|Any CPU
		{C48A247D-6468-73DB-CADB-13E5AA0C34BF}.Release|Any CPU.ActiveCfg = Release|Any CPU
		{C48A247D-6468-73DB-CADB-13E5AA0C34BF}.Release|Any CPU.Build.0 = Release|Any CPU
		{2D2A1925-FE0E-2B76-72D8-AA629C2AA4D6}.Debug|Any CPU.ActiveCfg = Debug|Any CPU
		{2D2A1925-FE0E-2B76-72D8-AA629C2AA4D6}.Debug|Any CPU.Build.0 = Debug|Any CPU
		{2D2A1925-FE0E-2B76-72D8-AA629C2AA4D6}.Release|Any CPU.ActiveCfg = Release|Any CPU
		{2D2A1925-FE0E-2B76-72D8-AA629C2AA4D6}.Release|Any CPU.Build.0 = Release|Any CPU
		{CE671EB8-AC26-47B1-8584-EC2AEE642033}.Debug|Any CPU.ActiveCfg = Debug|Any CPU
		{CE671EB8-AC26-47B1-8584-EC2AEE642033}.Debug|Any CPU.Build.0 = Debug|Any CPU
		{CE671EB8-AC26-47B1-8584-EC2AEE642033}.Release|Any CPU.ActiveCfg = Release|Any CPU
		{CE671EB8-AC26-47B1-8584-EC2AEE642033}.Release|Any CPU.Build.0 = Release|Any CPU
		{285CE8D9-13BC-95D4-68E6-12EB8CDDC044}.Debug|Any CPU.ActiveCfg = Debug|Any CPU
		{285CE8D9-13BC-95D4-68E6-12EB8CDDC044}.Debug|Any CPU.Build.0 = Debug|Any CPU
		{285CE8D9-13BC-95D4-68E6-12EB8CDDC044}.Release|Any CPU.ActiveCfg = Release|Any CPU
		{285CE8D9-13BC-95D4-68E6-12EB8CDDC044}.Release|Any CPU.Build.0 = Release|Any CPU
		{29583F80-C539-DDCF-FA1C-882BED9DB91C}.Debug|Any CPU.ActiveCfg = Debug|Any CPU
		{29583F80-C539-DDCF-FA1C-882BED9DB91C}.Debug|Any CPU.Build.0 = Debug|Any CPU
		{29583F80-C539-DDCF-FA1C-882BED9DB91C}.Release|Any CPU.ActiveCfg = Release|Any CPU
		{29583F80-C539-DDCF-FA1C-882BED9DB91C}.Release|Any CPU.Build.0 = Release|Any CPU
		{55034ABD-DDA7-E251-AA0A-65CB28AC6D5A}.Debug|Any CPU.ActiveCfg = Debug|Any CPU
		{55034ABD-DDA7-E251-AA0A-65CB28AC6D5A}.Debug|Any CPU.Build.0 = Debug|Any CPU
		{55034ABD-DDA7-E251-AA0A-65CB28AC6D5A}.Release|Any CPU.ActiveCfg = Release|Any CPU
		{55034ABD-DDA7-E251-AA0A-65CB28AC6D5A}.Release|Any CPU.Build.0 = Release|Any CPU
		{20C983CB-71A6-AFF0-D907-BBB418B0DCEF}.Debug|Any CPU.ActiveCfg = Debug|Any CPU
		{20C983CB-71A6-AFF0-D907-BBB418B0DCEF}.Debug|Any CPU.Build.0 = Debug|Any CPU
		{20C983CB-71A6-AFF0-D907-BBB418B0DCEF}.Release|Any CPU.ActiveCfg = Release|Any CPU
		{20C983CB-71A6-AFF0-D907-BBB418B0DCEF}.Release|Any CPU.Build.0 = Release|Any CPU
		{FC9AE121-A634-307D-E9D0-078CE50DA815}.Debug|Any CPU.ActiveCfg = Debug|Any CPU
		{FC9AE121-A634-307D-E9D0-078CE50DA815}.Debug|Any CPU.Build.0 = Debug|Any CPU
		{FC9AE121-A634-307D-E9D0-078CE50DA815}.Release|Any CPU.ActiveCfg = Release|Any CPU
		{FC9AE121-A634-307D-E9D0-078CE50DA815}.Release|Any CPU.Build.0 = Release|Any CPU
	EndGlobalSection
	GlobalSection(SolutionProperties) = preSolution
		HideSolutionNode = FALSE
	EndGlobalSection
EndGlobal
