
Microsoft Visual Studio Solution File, Format Version 11.00
# Visual Studio 2010
Project("{FAE04EC0-301F-11D3-BF4B-00C04F79EFBC}") = "Assembly-CSharp", "Assembly-CSharp.csproj", "{faa141f1-e50b-f937-3d07-494dc93ecab7}"
EndProject
Project("{FAE04EC0-301F-11D3-BF4B-00C04F79EFBC}") = "AmplifyShaderEditor.Samples.BuiltIn", "AmplifyShaderEditor.Samples.BuiltIn.csproj", "{fe96a17d-02b0-793d-b3c5-446fb8381ba8}"
EndProject
Project("{FAE04EC0-301F-11D3-BF4B-00C04F79EFBC}") = "AmplifyShaderEditor", "AmplifyShaderEditor.csproj", "{772fa671-b907-908f-7f19-5adbe0b88f58}"
EndProject
Global
	GlobalSection(SolutionConfigurationPlatforms) = preSolution
		Debug|Any CPU = Debug|Any CPU
	EndGlobalSection
	GlobalSection(ProjectConfigurationPlatforms) = postSolution
		{faa141f1-e50b-f937-3d07-494dc93ecab7}.Debug|Any CPU.ActiveCfg = Debug|Any CPU
		{faa141f1-e50b-f937-3d07-494dc93ecab7}.Debug|Any CPU.Build.0 = Debug|Any CPU
		{fe96a17d-02b0-793d-b3c5-446fb8381ba8}.Debug|Any CPU.ActiveCfg = Debug|Any CPU
		{fe96a17d-02b0-793d-b3c5-446fb8381ba8}.Debug|Any CPU.Build.0 = Debug|Any CPU
		{772fa671-b907-908f-7f19-5adbe0b88f58}.Debug|Any CPU.ActiveCfg = Debug|Any CPU
		{772fa671-b907-908f-7f19-5adbe0b88f58}.Debug|Any CPU.Build.0 = Debug|Any CPU
	EndGlobalSection
	GlobalSection(SolutionProperties) = preSolution
		HideSolutionNode = FALSE
	EndGlobalSection
EndGlobal
